
Microsoft Visual Studio Solution File, Format Version 11.00
# Visual Studio 2010
Project("{8BC9CEB8-8B4A-11D0-8D11-00A0C91BC942}") = "GARCh", "GARCh\GARCh.vcxproj", "{2E955BF7-0947-4AA9-AE03-D84F8844471B}"
EndProject
Global
	GlobalSection(SolutionConfigurationPlatforms) = preSolution
		Debug|Win32 = Debug|Win32
		Release|Win32 = Release|Win32
	EndGlobalSection
	GlobalSection(ProjectConfigurationPlatforms) = postSolution
		{2E955BF7-0947-4AA9-AE03-D84F8844471B}.Debug|Win32.ActiveCfg = Debug|Win32
		{2E955BF7-0947-4AA9-AE03-D84F8844471B}.Debug|Win32.Build.0 = Debug|Win32
		{2E955BF7-0947-4AA9-AE03-D84F8844471B}.Release|Win32.ActiveCfg = Release|Win32
		{2E955BF7-0947-4AA9-AE03-D84F8844471B}.Release|Win32.Build.0 = Release|Win32
	EndGlobalSection
	GlobalSection(SolutionProperties) = preSolution
		HideSolutionNode = FALSE
	EndGlobalSection
EndGlobal
